
Microsoft Visual Studio Solution File, Format Version 12.00
# Visual Studio 15
VisualStudioVersion = 15.0.28307.329
MinimumVisualStudioVersion = 10.0.40219.1
Project("{FAE04EC0-301F-11D3-BF4B-00C04F79EFBC}") = "Labyrinth", "Labyrinth\Labyrinth.csproj", "{8EE2A67A-2778-494E-ABAB-8931F13D84F7}"
EndProject
Project("{FAE04EC0-301F-11D3-BF4B-00C04F79EFBC}") = "AbstractFactory", "AbstractFactory\AbstractFactory.csproj", "{8B9E80A1-D226-4A64-905D-0E746342C106}"
EndProject
Project("{FAE04EC0-301F-11D3-BF4B-00C04F79EFBC}") = "Builder", "Builder\Builder.csproj", "{2925AED3-0F49-4417-A8DA-13CB2DFD9BEF}"
EndProject
Global
	GlobalSection(SolutionConfigurationPlatforms) = preSolution
		Debug|Any CPU = Debug|Any CPU
		Release|Any CPU = Release|Any CPU
	EndGlobalSection
	GlobalSection(ProjectConfigurationPlatforms) = postSolution
		{8EE2A67A-2778-494E-ABAB-8931F13D84F7}.Debug|Any CPU.ActiveCfg = Debug|Any CPU
		{8EE2A67A-2778-494E-ABAB-8931F13D84F7}.Debug|Any CPU.Build.0 = Debug|Any CPU
		{8EE2A67A-2778-494E-ABAB-8931F13D84F7}.Release|Any CPU.ActiveCfg = Release|Any CPU
		{8EE2A67A-2778-494E-ABAB-8931F13D84F7}.Release|Any CPU.Build.0 = Release|Any CPU
		{8B9E80A1-D226-4A64-905D-0E746342C106}.Debug|Any CPU.ActiveCfg = Debug|Any CPU
		{8B9E80A1-D226-4A64-905D-0E746342C106}.Debug|Any CPU.Build.0 = Debug|Any CPU
		{8B9E80A1-D226-4A64-905D-0E746342C106}.Release|Any CPU.ActiveCfg = Release|Any CPU
		{8B9E80A1-D226-4A64-905D-0E746342C106}.Release|Any CPU.Build.0 = Release|Any CPU
		{2925AED3-0F49-4417-A8DA-13CB2DFD9BEF}.Debug|Any CPU.ActiveCfg = Debug|Any CPU
		{2925AED3-0F49-4417-A8DA-13CB2DFD9BEF}.Debug|Any CPU.Build.0 = Debug|Any CPU
		{2925AED3-0F49-4417-A8DA-13CB2DFD9BEF}.Release|Any CPU.ActiveCfg = Release|Any CPU
		{2925AED3-0F49-4417-A8DA-13CB2DFD9BEF}.Release|Any CPU.Build.0 = Release|Any CPU
	EndGlobalSection
	GlobalSection(SolutionProperties) = preSolution
		HideSolutionNode = FALSE
	EndGlobalSection
	GlobalSection(ExtensibilityGlobals) = postSolution
		SolutionGuid = {51BCE81F-886E-48FA-8E68-46766307775B}
	EndGlobalSection
EndGlobal
